<?xml version="1.0" encoding="utf-8"?>
<Project ToolsVersion="12.0" xmlns="http://schemas.microsoft.com/developer/msbuild/2003">
  <ItemGroup>
    <Filter Include="Header Files">
      <UniqueIdentifier>{21EB8090-0D4E-1035-B6D3-48EBA215DCB7}</UniqueIdentifier>
    </Filter>
    <Filter Include="Header Files\Lua">
      <UniqueIdentifier>{32AC6E6F-1EA5-8DC1-47D7-7246332F6DCD}</UniqueIdentifier>
    </Filter>
    <Filter Include="Source Files">
      <UniqueIdentifier>{E9C7FDCE-D52A-8D73-7EB0-C5296AF258F6}</UniqueIdentifier>
    </Filter>
    <Filter Include="Source Files\Lua">
      <UniqueIdentifier>{FAAC1C27-E6A5-3B79-0FD8-20FEFB2F1B85}</UniqueIdentifier>
    </Filter>
  </ItemGroup>
  <ItemGroup>
    <ClInclude Include="..\src\Lua\Interface.h">
      <Filter>Header Files\Lua</Filter>
    </ClInclude>
    <ClInclude Include="..\src\Lua\LuaBase.h">
      <Filter>Header Files\Lua</Filter>
    </ClInclude>
    <ClInclude Include="..\src\Lua\Types.h">
      <Filter>Header Files\Lua</Filter>
    </ClInclude>
    <ClInclude Include="..\src\Lua\UserData.h">
      <Filter>Header Files\Lua</Filter>
    </ClInclude>
    <ClInclude Include="..\src\Lua\iluashared.h">
      <Filter>Header Files\Lua</Filter>
    </ClInclude>
    <ClInclude Include="..\src\antidbg.h">
      <Filter>Header Files</Filter>
    </ClInclude>
    <ClInclude Include="..\src\hooks.h">
      <Filter>Header Files</Filter>
    </ClInclude>
    <ClInclude Include="..\src\sdk.h">
      <Filter>Header Files</Filter>
    </ClInclude>
    <ClInclude Include="..\src\stdafx.h">
      <Filter>Header Files</Filter>
    </ClInclude>
    <ClInclude Include="..\src\synchronicity.h">
      <Filter>Header Files</Filter>
    </ClInclude>
    <ClInclude Include="..\src\targetver.h">
      <Filter>Header Files</Filter>
    </ClInclude>
    <ClInclude Include="..\src\utils.h">
      <Filter>Header Files</Filter>
    </ClInclude>
    <ClInclude Include="..\src\vmthook.h">
      <Filter>Header Files</Filter>
    </ClInclude>
  </ItemGroup>
  <ItemGroup>
    <ClCompile Include="..\src\Lua\iluashared.cpp">
      <Filter>Source Files\Lua</Filter>
    </ClCompile>
    <ClCompile Include="..\src\bitbuf.cpp">
      <Filter>Source Files</Filter>
    </ClCompile>
    <ClCompile Include="..\src\hooks.cpp">
      <Filter>Source Files</Filter>
    </ClCompile>
    <ClCompile Include="..\src\sdk.cpp">
      <Filter>Source Files</Filter>
    </ClCompile>
    <ClCompile Include="..\src\stdafx.cpp">
      <Filter>Source Files</Filter>
    </ClCompile>
    <ClCompile Include="..\src\synchronicity.cpp">
      <Filter>Source Files</Filter>
    </ClCompile>
    <ClCompile Include="..\src\utils.cpp">
      <Filter>Source Files</Filter>
    </ClCompile>
    <ClCompile Include="..\src\vmthook.cpp">
      <Filter>Source Files</Filter>
    </ClCompile>
  </ItemGroup>
</Project>